// !$*UTF8*$!
{
	archiveVersion = 1;
	classes = {
	};
	objectVersion = 51;
	objects = {

/* Begin PBXBuildFile section */
		0870219F2696542E00117B68 /* AutoMockable.generated.swift in Sources */ = {isa = PBXBuildFile; fileRef = 0870219E2696542E00117B68 /* AutoMockable.generated.swift */; };
		087021AC2696558C00117B68 /* BaseTextField.swift in Sources */ = {isa = PBXBuildFile; fileRef = 087021A32696558C00117B68 /* BaseTextField.swift */; };
		087021AD2696558C00117B68 /* RoundedTextField.swift in Sources */ = {isa = PBXBuildFile; fileRef = 087021A42696558C00117B68 /* RoundedTextField.swift */; };
		087021AF2696558C00117B68 /* LoadingView.swift in Sources */ = {isa = PBXBuildFile; fileRef = 087021A72696558C00117B68 /* LoadingView.swift */; };
		087021B02696558C00117B68 /* BaseButton.swift in Sources */ = {isa = PBXBuildFile; fileRef = 087021A92696558C00117B68 /* BaseButton.swift */; };
		087021B12696558C00117B68 /* NavigationController.swift in Sources */ = {isa = PBXBuildFile; fileRef = 087021AB2696558C00117B68 /* NavigationController.swift */; };
		087021B52696924900117B68 /* DiffableBox.swift in Sources */ = {isa = PBXBuildFile; fileRef = 087021B42696924900117B68 /* DiffableBox.swift */; };
		0E053DE72697336500803723 /* LaunchScreen.storyboard in Resources */ = {isa = PBXBuildFile; fileRef = 0EE441E126963F4E0093A9FA /* LaunchScreen.storyboard */; };
		0E053DEF2697340000803723 /* ChuckNorrisFactsRouter.swift in Sources */ = {isa = PBXBuildFile; fileRef = 0E053DE92697340000803723 /* ChuckNorrisFactsRouter.swift */; };
		0E053DF02697340000803723 /* ChuckNorrisFactsViewController.swift in Sources */ = {isa = PBXBuildFile; fileRef = 0E053DEA2697340000803723 /* ChuckNorrisFactsViewController.swift */; };
		0E053DF12697340000803723 /* ChuckNorrisFactsBuilder.swift in Sources */ = {isa = PBXBuildFile; fileRef = 0E053DEB2697340000803723 /* ChuckNorrisFactsBuilder.swift */; };
		0E053DF22697340000803723 /* ChuckNorrisFactsInteractor.swift in Sources */ = {isa = PBXBuildFile; fileRef = 0E053DEC2697340000803723 /* ChuckNorrisFactsInteractor.swift */; };
		0E053DF32697340000803723 /* ChuckNorrisFactsViewModel.swift in Sources */ = {isa = PBXBuildFile; fileRef = 0E053DED2697340000803723 /* ChuckNorrisFactsViewModel.swift */; };
		0E053DF42697340000803723 /* ChuckNorrisFactsViewController.xib in Resources */ = {isa = PBXBuildFile; fileRef = 0E053DEE2697340000803723 /* ChuckNorrisFactsViewController.xib */; };
		0E053DF826974B7500803723 /* TopRoundedView.swift in Sources */ = {isa = PBXBuildFile; fileRef = 0E053DF726974B7500803723 /* TopRoundedView.swift */; };
		0E053DFC2697511100803723 /* FactsCell.swift in Sources */ = {isa = PBXBuildFile; fileRef = 0E053DFA2697511100803723 /* FactsCell.swift */; };
		0E053DFD2697511100803723 /* FactsCell.xib in Resources */ = {isa = PBXBuildFile; fileRef = 0E053DFB2697511100803723 /* FactsCell.xib */; };
		0E0ABA1E269C8FB000BFA41E /* ChuckNorrisFactDetailsRouter.swift in Sources */ = {isa = PBXBuildFile; fileRef = 0E0ABA18269C8FB000BFA41E /* ChuckNorrisFactDetailsRouter.swift */; };
		0E0ABA1F269C8FB000BFA41E /* ChuckNorrisFactDetailsViewController.swift in Sources */ = {isa = PBXBuildFile; fileRef = 0E0ABA19269C8FB000BFA41E /* ChuckNorrisFactDetailsViewController.swift */; };
		0E0ABA20269C8FB000BFA41E /* ChuckNorrisFactDetailsBuilder.swift in Sources */ = {isa = PBXBuildFile; fileRef = 0E0ABA1A269C8FB000BFA41E /* ChuckNorrisFactDetailsBuilder.swift */; };
		0E0ABA21269C8FB000BFA41E /* ChuckNorrisFactDetailsInteractor.swift in Sources */ = {isa = PBXBuildFile; fileRef = 0E0ABA1B269C8FB000BFA41E /* ChuckNorrisFactDetailsInteractor.swift */; };
		0E0ABA22269C8FB000BFA41E /* ChuckNorrisFactDetailsViewModel.swift in Sources */ = {isa = PBXBuildFile; fileRef = 0E0ABA1C269C8FB000BFA41E /* ChuckNorrisFactDetailsViewModel.swift */; };
		0E0ABA23269C8FB000BFA41E /* ChuckNorrisFactDetailsViewController.xib in Resources */ = {isa = PBXBuildFile; fileRef = 0E0ABA1D269C8FB000BFA41E /* ChuckNorrisFactDetailsViewController.xib */; };
		0E0ABA26269C923C00BFA41E /* BaseFloatingPanelController.swift in Sources */ = {isa = PBXBuildFile; fileRef = 0E0ABA25269C923C00BFA41E /* BaseFloatingPanelController.swift */; };
		0E0ABA28269C961300BFA41E /* FloatingPanelGrabberView.swift in Sources */ = {isa = PBXBuildFile; fileRef = 0E0ABA27269C961300BFA41E /* FloatingPanelGrabberView.swift */; };
		0E0ABA2A269CCF1400BFA41E /* UIView.swift in Sources */ = {isa = PBXBuildFile; fileRef = 0E0ABA29269CCF1400BFA41E /* UIView.swift */; };
		0E0ABA30269CD73D00BFA41E /* ChuckNorrisFactsInteractorTests.swift in Sources */ = {isa = PBXBuildFile; fileRef = 0E0ABA2E269CD73D00BFA41E /* ChuckNorrisFactsInteractorTests.swift */; };
		0E0ABA31269CD73D00BFA41E /* ChuckNorrisFactsViewModelTests.swift in Sources */ = {isa = PBXBuildFile; fileRef = 0E0ABA2F269CD73D00BFA41E /* ChuckNorrisFactsViewModelTests.swift */; };
		0EAA5445269794F900ADB4EB /* String.swift in Sources */ = {isa = PBXBuildFile; fileRef = 0EAA5444269794F900ADB4EB /* String.swift */; };
		0EAA544D2698A56F00ADB4EB /* PrimaryButton.swift in Sources */ = {isa = PBXBuildFile; fileRef = 0EAA544C2698A56E00ADB4EB /* PrimaryButton.swift */; };
		0EAA544F2698A5A300ADB4EB /* SmallPrimaryButton.swift in Sources */ = {isa = PBXBuildFile; fileRef = 0EAA544E2698A5A300ADB4EB /* SmallPrimaryButton.swift */; };
		0EAA54572698C09600ADB4EB /* SearchFactsRouter.swift in Sources */ = {isa = PBXBuildFile; fileRef = 0EAA54512698C09600ADB4EB /* SearchFactsRouter.swift */; };
		0EAA54582698C09600ADB4EB /* SearchFactsViewController.swift in Sources */ = {isa = PBXBuildFile; fileRef = 0EAA54522698C09600ADB4EB /* SearchFactsViewController.swift */; };
		0EAA54592698C09600ADB4EB /* SearchFactsBuilder.swift in Sources */ = {isa = PBXBuildFile; fileRef = 0EAA54532698C09600ADB4EB /* SearchFactsBuilder.swift */; };
		0EAA545A2698C09600ADB4EB /* SearchFactsInteractor.swift in Sources */ = {isa = PBXBuildFile; fileRef = 0EAA54542698C09600ADB4EB /* SearchFactsInteractor.swift */; };
		0EAA545B2698C09600ADB4EB /* SearchFactsViewModel.swift in Sources */ = {isa = PBXBuildFile; fileRef = 0EAA54552698C09600ADB4EB /* SearchFactsViewModel.swift */; };
		0EAA545C2698C09600ADB4EB /* SearchFactsViewController.xib in Resources */ = {isa = PBXBuildFile; fileRef = 0EAA54562698C09600ADB4EB /* SearchFactsViewController.xib */; };
		0EAA54632698E1E400ADB4EB /* LineTextField.swift in Sources */ = {isa = PBXBuildFile; fileRef = 0EAA54622698E1E400ADB4EB /* LineTextField.swift */; };
		0EC9081C2699D955009FE03A /* ChuckNorrisFactsEmptyView.swift in Sources */ = {isa = PBXBuildFile; fileRef = 0EC9081B2699D955009FE03A /* ChuckNorrisFactsEmptyView.swift */; };
		0EC9081F269A1BCB009FE03A /* Environment.swift in Sources */ = {isa = PBXBuildFile; fileRef = 0EC9081E269A1BCB009FE03A /* Environment.swift */; };
		0EC90823269A1CF9009FE03A /* ApiRouter.swift in Sources */ = {isa = PBXBuildFile; fileRef = 0EC90822269A1CF9009FE03A /* ApiRouter.swift */; };
		0EC90826269A1EAF009FE03A /* Facts.swift in Sources */ = {isa = PBXBuildFile; fileRef = 0EC90825269A1EAF009FE03A /* Facts.swift */; };
		0EC90828269A1F46009FE03A /* ApiError.swift in Sources */ = {isa = PBXBuildFile; fileRef = 0EC90827269A1F46009FE03A /* ApiError.swift */; };
		0EC9082A269A2115009FE03A /* ApiClient.swift in Sources */ = {isa = PBXBuildFile; fileRef = 0EC90829269A2115009FE03A /* ApiClient.swift */; };
		0EE441D726963F4B0093A9FA /* AppDelegate.swift in Sources */ = {isa = PBXBuildFile; fileRef = 0EE441D626963F4B0093A9FA /* AppDelegate.swift */; };
		0EE441D926963F4B0093A9FA /* SceneDelegate.swift in Sources */ = {isa = PBXBuildFile; fileRef = 0EE441D826963F4B0093A9FA /* SceneDelegate.swift */; };
		0EE441E026963F4E0093A9FA /* Assets.xcassets in Resources */ = {isa = PBXBuildFile; fileRef = 0EE441DF26963F4E0093A9FA /* Assets.xcassets */; };
		0EE441F926963F4F0093A9FA /* ChuckNorrisAppUITests.swift in Sources */ = {isa = PBXBuildFile; fileRef = 0EE441F826963F4F0093A9FA /* ChuckNorrisAppUITests.swift */; };
		0EE44213269642BA0093A9FA /* BaseViewController.swift in Sources */ = {isa = PBXBuildFile; fileRef = 0EE4420E269642BA0093A9FA /* BaseViewController.swift */; };
		0EE44214269642BA0093A9FA /* BaseInteractor.swift in Sources */ = {isa = PBXBuildFile; fileRef = 0EE4420F269642BA0093A9FA /* BaseInteractor.swift */; };
		0EE44215269642BA0093A9FA /* Builder.swift in Sources */ = {isa = PBXBuildFile; fileRef = 0EE44210269642BA0093A9FA /* Builder.swift */; };
		0EE44216269642BA0093A9FA /* Router.swift in Sources */ = {isa = PBXBuildFile; fileRef = 0EE44211269642BA0093A9FA /* Router.swift */; };
		0EE44217269642BA0093A9FA /* BaseViewModel.swift in Sources */ = {isa = PBXBuildFile; fileRef = 0EE44212269642BA0093A9FA /* BaseViewModel.swift */; };
		0EE4421B269643280093A9FA /* NibLoadable.swift in Sources */ = {isa = PBXBuildFile; fileRef = 0EE44218269643280093A9FA /* NibLoadable.swift */; };
		0EE4421C269643280093A9FA /* RxExtensions.swift in Sources */ = {isa = PBXBuildFile; fileRef = 0EE44219269643280093A9FA /* RxExtensions.swift */; };
		0EE4421D269643280093A9FA /* UIViewController+Rx.swift in Sources */ = {isa = PBXBuildFile; fileRef = 0EE4421A269643280093A9FA /* UIViewController+Rx.swift */; };
		0EE44220269643570093A9FA /* ActivityIndicator.swift in Sources */ = {isa = PBXBuildFile; fileRef = 0EE4421E269643570093A9FA /* ActivityIndicator.swift */; };
		0EE44221269643570093A9FA /* ErrorTracker.swift in Sources */ = {isa = PBXBuildFile; fileRef = 0EE4421F269643570093A9FA /* ErrorTracker.swift */; };
		0EE44230269646DA0093A9FA /* Localizable.strings in Resources */ = {isa = PBXBuildFile; fileRef = 0EE4422F269646DA0093A9FA /* Localizable.strings */; };
		0EE44234269647620093A9FA /* Colors.xcassets in Resources */ = {isa = PBXBuildFile; fileRef = 0EE44233269647620093A9FA /* Colors.xcassets */; };
		0EE44236269648130093A9FA /* AutoMockable.stencil in Resources */ = {isa = PBXBuildFile; fileRef = 0EE44235269648130093A9FA /* AutoMockable.stencil */; };
		0EE4423B26964D020093A9FA /* Localizable.strings.swift in Sources */ = {isa = PBXBuildFile; fileRef = 0EE4423926964D020093A9FA /* Localizable.strings.swift */; };
		0EE4423C26964D020093A9FA /* XCAssets+Generated.swift in Sources */ = {isa = PBXBuildFile; fileRef = 0EE4423A26964D020093A9FA /* XCAssets+Generated.swift */; };
		4547F3DA46B3D73BC32124BF /* Pods_ChuckNorrisApp.framework in Frameworks */ = {isa = PBXBuildFile; fileRef = DBA362617BBE0B880529ACD9 /* Pods_ChuckNorrisApp.framework */; };
		55D853378415E582537B7CE4 /* Pods_ChuckNorrisAppTests.framework in Frameworks */ = {isa = PBXBuildFile; fileRef = 6AF2227D3478588B930CCDE8 /* Pods_ChuckNorrisAppTests.framework */; };
		E3A8F3C49D02AEEE0FD50AD8 /* Pods_ChuckNorrisApp_ChuckNorrisAppUITests.framework in Frameworks */ = {isa = PBXBuildFile; fileRef = 7DDD3209AA572A2CCAA04D2F /* Pods_ChuckNorrisApp_ChuckNorrisAppUITests.framework */; };
/* End PBXBuildFile section */

/* Begin PBXContainerItemProxy section */
		0EE441EA26963F4E0093A9FA /* PBXContainerItemProxy */ = {
			isa = PBXContainerItemProxy;
			containerPortal = 0EE441CB26963F4B0093A9FA /* Project object */;
			proxyType = 1;
			remoteGlobalIDString = 0EE441D226963F4B0093A9FA;
			remoteInfo = ChuckNorrisApp;
		};
		0EE441F526963F4F0093A9FA /* PBXContainerItemProxy */ = {
			isa = PBXContainerItemProxy;
			containerPortal = 0EE441CB26963F4B0093A9FA /* Project object */;
			proxyType = 1;
			remoteGlobalIDString = 0EE441D226963F4B0093A9FA;
			remoteInfo = ChuckNorrisApp;
		};
/* End PBXContainerItemProxy section */

/* Begin PBXFileReference section */
		0870219E2696542E00117B68 /* AutoMockable.generated.swift */ = {isa = PBXFileReference; fileEncoding = 4; lastKnownFileType = sourcecode.swift; path = AutoMockable.generated.swift; sourceTree = "<group>"; };
		087021A32696558C00117B68 /* BaseTextField.swift */ = {isa = PBXFileReference; fileEncoding = 4; lastKnownFileType = sourcecode.swift; path = BaseTextField.swift; sourceTree = "<group>"; };
		087021A42696558C00117B68 /* RoundedTextField.swift */ = {isa = PBXFileReference; fileEncoding = 4; lastKnownFileType = sourcecode.swift; path = RoundedTextField.swift; sourceTree = "<group>"; };
		087021A72696558C00117B68 /* LoadingView.swift */ = {isa = PBXFileReference; fileEncoding = 4; lastKnownFileType = sourcecode.swift; path = LoadingView.swift; sourceTree = "<group>"; };
		087021A92696558C00117B68 /* BaseButton.swift */ = {isa = PBXFileReference; fileEncoding = 4; lastKnownFileType = sourcecode.swift; path = BaseButton.swift; sourceTree = "<group>"; };
		087021AB2696558C00117B68 /* NavigationController.swift */ = {isa = PBXFileReference; fileEncoding = 4; lastKnownFileType = sourcecode.swift; path = NavigationController.swift; sourceTree = "<group>"; };
		087021B42696924900117B68 /* DiffableBox.swift */ = {isa = PBXFileReference; lastKnownFileType = sourcecode.swift; path = DiffableBox.swift; sourceTree = "<group>"; };
		0E053DE92697340000803723 /* ChuckNorrisFactsRouter.swift */ = {isa = PBXFileReference; lastKnownFileType = sourcecode.swift; path = ChuckNorrisFactsRouter.swift; sourceTree = "<group>"; };
		0E053DEA2697340000803723 /* ChuckNorrisFactsViewController.swift */ = {isa = PBXFileReference; lastKnownFileType = sourcecode.swift; path = ChuckNorrisFactsViewController.swift; sourceTree = "<group>"; };
		0E053DEB2697340000803723 /* ChuckNorrisFactsBuilder.swift */ = {isa = PBXFileReference; lastKnownFileType = sourcecode.swift; path = ChuckNorrisFactsBuilder.swift; sourceTree = "<group>"; };
		0E053DEC2697340000803723 /* ChuckNorrisFactsInteractor.swift */ = {isa = PBXFileReference; lastKnownFileType = sourcecode.swift; path = ChuckNorrisFactsInteractor.swift; sourceTree = "<group>"; };
		0E053DED2697340000803723 /* ChuckNorrisFactsViewModel.swift */ = {isa = PBXFileReference; lastKnownFileType = sourcecode.swift; path = ChuckNorrisFactsViewModel.swift; sourceTree = "<group>"; };
		0E053DEE2697340000803723 /* ChuckNorrisFactsViewController.xib */ = {isa = PBXFileReference; lastKnownFileType = file.xib; path = ChuckNorrisFactsViewController.xib; sourceTree = "<group>"; };
		0E053DF726974B7500803723 /* TopRoundedView.swift */ = {isa = PBXFileReference; lastKnownFileType = sourcecode.swift; path = TopRoundedView.swift; sourceTree = "<group>"; };
		0E053DFA2697511100803723 /* FactsCell.swift */ = {isa = PBXFileReference; lastKnownFileType = sourcecode.swift; path = FactsCell.swift; sourceTree = "<group>"; };
		0E053DFB2697511100803723 /* FactsCell.xib */ = {isa = PBXFileReference; lastKnownFileType = file.xib; path = FactsCell.xib; sourceTree = "<group>"; };
		0E0ABA18269C8FB000BFA41E /* ChuckNorrisFactDetailsRouter.swift */ = {isa = PBXFileReference; lastKnownFileType = sourcecode.swift; path = ChuckNorrisFactDetailsRouter.swift; sourceTree = "<group>"; };
		0E0ABA19269C8FB000BFA41E /* ChuckNorrisFactDetailsViewController.swift */ = {isa = PBXFileReference; lastKnownFileType = sourcecode.swift; path = ChuckNorrisFactDetailsViewController.swift; sourceTree = "<group>"; };
		0E0ABA1A269C8FB000BFA41E /* ChuckNorrisFactDetailsBuilder.swift */ = {isa = PBXFileReference; lastKnownFileType = sourcecode.swift; path = ChuckNorrisFactDetailsBuilder.swift; sourceTree = "<group>"; };
		0E0ABA1B269C8FB000BFA41E /* ChuckNorrisFactDetailsInteractor.swift */ = {isa = PBXFileReference; lastKnownFileType = sourcecode.swift; path = ChuckNorrisFactDetailsInteractor.swift; sourceTree = "<group>"; };
		0E0ABA1C269C8FB000BFA41E /* ChuckNorrisFactDetailsViewModel.swift */ = {isa = PBXFileReference; lastKnownFileType = sourcecode.swift; path = ChuckNorrisFactDetailsViewModel.swift; sourceTree = "<group>"; };
		0E0ABA1D269C8FB000BFA41E /* ChuckNorrisFactDetailsViewController.xib */ = {isa = PBXFileReference; lastKnownFileType = file.xib; path = ChuckNorrisFactDetailsViewController.xib; sourceTree = "<group>"; };
		0E0ABA25269C923C00BFA41E /* BaseFloatingPanelController.swift */ = {isa = PBXFileReference; lastKnownFileType = sourcecode.swift; path = BaseFloatingPanelController.swift; sourceTree = "<group>"; };
		0E0ABA27269C961300BFA41E /* FloatingPanelGrabberView.swift */ = {isa = PBXFileReference; lastKnownFileType = sourcecode.swift; path = FloatingPanelGrabberView.swift; sourceTree = "<group>"; };
		0E0ABA29269CCF1400BFA41E /* UIView.swift */ = {isa = PBXFileReference; lastKnownFileType = sourcecode.swift; path = UIView.swift; sourceTree = "<group>"; };
		0E0ABA2E269CD73D00BFA41E /* ChuckNorrisFactsInteractorTests.swift */ = {isa = PBXFileReference; lastKnownFileType = sourcecode.swift; path = ChuckNorrisFactsInteractorTests.swift; sourceTree = "<group>"; };
		0E0ABA2F269CD73D00BFA41E /* ChuckNorrisFactsViewModelTests.swift */ = {isa = PBXFileReference; lastKnownFileType = sourcecode.swift; path = ChuckNorrisFactsViewModelTests.swift; sourceTree = "<group>"; };
		0EAA5444269794F900ADB4EB /* String.swift */ = {isa = PBXFileReference; lastKnownFileType = sourcecode.swift; path = String.swift; sourceTree = "<group>"; };
		0EAA544C2698A56E00ADB4EB /* PrimaryButton.swift */ = {isa = PBXFileReference; lastKnownFileType = sourcecode.swift; path = PrimaryButton.swift; sourceTree = "<group>"; };
		0EAA544E2698A5A300ADB4EB /* SmallPrimaryButton.swift */ = {isa = PBXFileReference; lastKnownFileType = sourcecode.swift; path = SmallPrimaryButton.swift; sourceTree = "<group>"; };
		0EAA54512698C09600ADB4EB /* SearchFactsRouter.swift */ = {isa = PBXFileReference; lastKnownFileType = sourcecode.swift; path = SearchFactsRouter.swift; sourceTree = "<group>"; };
		0EAA54522698C09600ADB4EB /* SearchFactsViewController.swift */ = {isa = PBXFileReference; lastKnownFileType = sourcecode.swift; path = SearchFactsViewController.swift; sourceTree = "<group>"; };
		0EAA54532698C09600ADB4EB /* SearchFactsBuilder.swift */ = {isa = PBXFileReference; lastKnownFileType = sourcecode.swift; path = SearchFactsBuilder.swift; sourceTree = "<group>"; };
		0EAA54542698C09600ADB4EB /* SearchFactsInteractor.swift */ = {isa = PBXFileReference; lastKnownFileType = sourcecode.swift; path = SearchFactsInteractor.swift; sourceTree = "<group>"; };
		0EAA54552698C09600ADB4EB /* SearchFactsViewModel.swift */ = {isa = PBXFileReference; lastKnownFileType = sourcecode.swift; path = SearchFactsViewModel.swift; sourceTree = "<group>"; };
		0EAA54562698C09600ADB4EB /* SearchFactsViewController.xib */ = {isa = PBXFileReference; lastKnownFileType = file.xib; path = SearchFactsViewController.xib; sourceTree = "<group>"; };
		0EAA54622698E1E400ADB4EB /* LineTextField.swift */ = {isa = PBXFileReference; lastKnownFileType = sourcecode.swift; path = LineTextField.swift; sourceTree = "<group>"; };
		0EC9081B2699D955009FE03A /* ChuckNorrisFactsEmptyView.swift */ = {isa = PBXFileReference; lastKnownFileType = sourcecode.swift; path = ChuckNorrisFactsEmptyView.swift; sourceTree = "<group>"; };
		0EC9081E269A1BCB009FE03A /* Environment.swift */ = {isa = PBXFileReference; lastKnownFileType = sourcecode.swift; path = Environment.swift; sourceTree = "<group>"; };
		0EC90822269A1CF9009FE03A /* ApiRouter.swift */ = {isa = PBXFileReference; lastKnownFileType = sourcecode.swift; path = ApiRouter.swift; sourceTree = "<group>"; };
		0EC90825269A1EAF009FE03A /* Facts.swift */ = {isa = PBXFileReference; lastKnownFileType = sourcecode.swift; path = Facts.swift; sourceTree = "<group>"; };
		0EC90827269A1F46009FE03A /* ApiError.swift */ = {isa = PBXFileReference; lastKnownFileType = sourcecode.swift; path = ApiError.swift; sourceTree = "<group>"; };
		0EC90829269A2115009FE03A /* ApiClient.swift */ = {isa = PBXFileReference; lastKnownFileType = sourcecode.swift; path = ApiClient.swift; sourceTree = "<group>"; };
		0EE441D326963F4B0093A9FA /* ChuckNorrisApp.app */ = {isa = PBXFileReference; explicitFileType = wrapper.application; includeInIndex = 0; path = ChuckNorrisApp.app; sourceTree = BUILT_PRODUCTS_DIR; };
		0EE441D626963F4B0093A9FA /* AppDelegate.swift */ = {isa = PBXFileReference; lastKnownFileType = sourcecode.swift; path = AppDelegate.swift; sourceTree = "<group>"; };
		0EE441D826963F4B0093A9FA /* SceneDelegate.swift */ = {isa = PBXFileReference; lastKnownFileType = sourcecode.swift; path = SceneDelegate.swift; sourceTree = "<group>"; };
		0EE441DF26963F4E0093A9FA /* Assets.xcassets */ = {isa = PBXFileReference; lastKnownFileType = folder.assetcatalog; path = Assets.xcassets; sourceTree = "<group>"; };
		0EE441E226963F4E0093A9FA /* Base */ = {isa = PBXFileReference; lastKnownFileType = file.storyboard; name = Base; path = Base.lproj/LaunchScreen.storyboard; sourceTree = "<group>"; };
		0EE441E426963F4E0093A9FA /* Info.plist */ = {isa = PBXFileReference; lastKnownFileType = text.plist.xml; path = Info.plist; sourceTree = "<group>"; };
		0EE441E926963F4E0093A9FA /* ChuckNorrisAppTests.xctest */ = {isa = PBXFileReference; explicitFileType = wrapper.cfbundle; includeInIndex = 0; path = ChuckNorrisAppTests.xctest; sourceTree = BUILT_PRODUCTS_DIR; };
		0EE441EF26963F4E0093A9FA /* Info.plist */ = {isa = PBXFileReference; lastKnownFileType = text.plist.xml; path = Info.plist; sourceTree = "<group>"; };
		0EE441F426963F4F0093A9FA /* ChuckNorrisAppUITests.xctest */ = {isa = PBXFileReference; explicitFileType = wrapper.cfbundle; includeInIndex = 0; path = ChuckNorrisAppUITests.xctest; sourceTree = BUILT_PRODUCTS_DIR; };
		0EE441F826963F4F0093A9FA /* ChuckNorrisAppUITests.swift */ = {isa = PBXFileReference; lastKnownFileType = sourcecode.swift; path = ChuckNorrisAppUITests.swift; sourceTree = "<group>"; };
		0EE441FA26963F4F0093A9FA /* Info.plist */ = {isa = PBXFileReference; lastKnownFileType = text.plist.xml; path = Info.plist; sourceTree = "<group>"; };
		0EE4420E269642BA0093A9FA /* BaseViewController.swift */ = {isa = PBXFileReference; fileEncoding = 4; lastKnownFileType = sourcecode.swift; path = BaseViewController.swift; sourceTree = "<group>"; };
		0EE4420F269642BA0093A9FA /* BaseInteractor.swift */ = {isa = PBXFileReference; fileEncoding = 4; lastKnownFileType = sourcecode.swift; path = BaseInteractor.swift; sourceTree = "<group>"; };
		0EE44210269642BA0093A9FA /* Builder.swift */ = {isa = PBXFileReference; fileEncoding = 4; lastKnownFileType = sourcecode.swift; path = Builder.swift; sourceTree = "<group>"; };
		0EE44211269642BA0093A9FA /* Router.swift */ = {isa = PBXFileReference; fileEncoding = 4; lastKnownFileType = sourcecode.swift; path = Router.swift; sourceTree = "<group>"; };
		0EE44212269642BA0093A9FA /* BaseViewModel.swift */ = {isa = PBXFileReference; fileEncoding = 4; lastKnownFileType = sourcecode.swift; path = BaseViewModel.swift; sourceTree = "<group>"; };
		0EE44218269643280093A9FA /* NibLoadable.swift */ = {isa = PBXFileReference; fileEncoding = 4; lastKnownFileType = sourcecode.swift; path = NibLoadable.swift; sourceTree = "<group>"; };
		0EE44219269643280093A9FA /* RxExtensions.swift */ = {isa = PBXFileReference; fileEncoding = 4; lastKnownFileType = sourcecode.swift; path = RxExtensions.swift; sourceTree = "<group>"; };
		0EE4421A269643280093A9FA /* UIViewController+Rx.swift */ = {isa = PBXFileReference; fileEncoding = 4; lastKnownFileType = sourcecode.swift; path = "UIViewController+Rx.swift"; sourceTree = "<group>"; };
		0EE4421E269643570093A9FA /* ActivityIndicator.swift */ = {isa = PBXFileReference; fileEncoding = 4; lastKnownFileType = sourcecode.swift; path = ActivityIndicator.swift; sourceTree = "<group>"; };
		0EE4421F269643570093A9FA /* ErrorTracker.swift */ = {isa = PBXFileReference; fileEncoding = 4; lastKnownFileType = sourcecode.swift; path = ErrorTracker.swift; sourceTree = "<group>"; };
		0EE4422F269646DA0093A9FA /* Localizable.strings */ = {isa = PBXFileReference; lastKnownFileType = text.plist.strings; path = Localizable.strings; sourceTree = "<group>"; };
		0EE44233269647620093A9FA /* Colors.xcassets */ = {isa = PBXFileReference; lastKnownFileType = folder.assetcatalog; path = Colors.xcassets; sourceTree = "<group>"; };
		0EE44235269648130093A9FA /* AutoMockable.stencil */ = {isa = PBXFileReference; fileEncoding = 4; lastKnownFileType = text; path = AutoMockable.stencil; sourceTree = "<group>"; };
		0EE4423926964D020093A9FA /* Localizable.strings.swift */ = {isa = PBXFileReference; fileEncoding = 4; lastKnownFileType = sourcecode.swift; path = Localizable.strings.swift; sourceTree = "<group>"; };
		0EE4423A26964D020093A9FA /* XCAssets+Generated.swift */ = {isa = PBXFileReference; fileEncoding = 4; lastKnownFileType = sourcecode.swift; path = "XCAssets+Generated.swift"; sourceTree = "<group>"; };
		39DB153B6AECBA79B98966A0 /* Pods-ChuckNorrisAppTests.debug.xcconfig */ = {isa = PBXFileReference; includeInIndex = 1; lastKnownFileType = text.xcconfig; name = "Pods-ChuckNorrisAppTests.debug.xcconfig"; path = "Target Support Files/Pods-ChuckNorrisAppTests/Pods-ChuckNorrisAppTests.debug.xcconfig"; sourceTree = "<group>"; };
		6AF2227D3478588B930CCDE8 /* Pods_ChuckNorrisAppTests.framework */ = {isa = PBXFileReference; explicitFileType = wrapper.framework; includeInIndex = 0; path = Pods_ChuckNorrisAppTests.framework; sourceTree = BUILT_PRODUCTS_DIR; };
		7BFAAA7A567F7128DE40B88C /* Pods-ChuckNorrisApp-ChuckNorrisAppUITests.release.xcconfig */ = {isa = PBXFileReference; includeInIndex = 1; lastKnownFileType = text.xcconfig; name = "Pods-ChuckNorrisApp-ChuckNorrisAppUITests.release.xcconfig"; path = "Target Support Files/Pods-ChuckNorrisApp-ChuckNorrisAppUITests/Pods-ChuckNorrisApp-ChuckNorrisAppUITests.release.xcconfig"; sourceTree = "<group>"; };
		7DDD3209AA572A2CCAA04D2F /* Pods_ChuckNorrisApp_ChuckNorrisAppUITests.framework */ = {isa = PBXFileReference; explicitFileType = wrapper.framework; includeInIndex = 0; path = Pods_ChuckNorrisApp_ChuckNorrisAppUITests.framework; sourceTree = BUILT_PRODUCTS_DIR; };
		861EC000B25C3DF49C7C5D10 /* Pods-ChuckNorrisApp.release.xcconfig */ = {isa = PBXFileReference; includeInIndex = 1; lastKnownFileType = text.xcconfig; name = "Pods-ChuckNorrisApp.release.xcconfig"; path = "Target Support Files/Pods-ChuckNorrisApp/Pods-ChuckNorrisApp.release.xcconfig"; sourceTree = "<group>"; };
		9BFCD727FE5C7329796D7AA5 /* Pods-ChuckNorrisAppTests.release.xcconfig */ = {isa = PBXFileReference; includeInIndex = 1; lastKnownFileType = text.xcconfig; name = "Pods-ChuckNorrisAppTests.release.xcconfig"; path = "Target Support Files/Pods-ChuckNorrisAppTests/Pods-ChuckNorrisAppTests.release.xcconfig"; sourceTree = "<group>"; };
		D0086E8358770A53CA083248 /* Pods-ChuckNorrisApp.debug.xcconfig */ = {isa = PBXFileReference; includeInIndex = 1; lastKnownFileType = text.xcconfig; name = "Pods-ChuckNorrisApp.debug.xcconfig"; path = "Target Support Files/Pods-ChuckNorrisApp/Pods-ChuckNorrisApp.debug.xcconfig"; sourceTree = "<group>"; };
		DBA362617BBE0B880529ACD9 /* Pods_ChuckNorrisApp.framework */ = {isa = PBXFileReference; explicitFileType = wrapper.framework; includeInIndex = 0; path = Pods_ChuckNorrisApp.framework; sourceTree = BUILT_PRODUCTS_DIR; };
		E7DB555EC758D85B0E0F3309 /* Pods-ChuckNorrisApp-ChuckNorrisAppUITests.debug.xcconfig */ = {isa = PBXFileReference; includeInIndex = 1; lastKnownFileType = text.xcconfig; name = "Pods-ChuckNorrisApp-ChuckNorrisAppUITests.debug.xcconfig"; path = "Target Support Files/Pods-ChuckNorrisApp-ChuckNorrisAppUITests/Pods-ChuckNorrisApp-ChuckNorrisAppUITests.debug.xcconfig"; sourceTree = "<group>"; };
/* End PBXFileReference section */

/* Begin PBXFrameworksBuildPhase section */
		0EE441D026963F4B0093A9FA /* Frameworks */ = {
			isa = PBXFrameworksBuildPhase;
			buildActionMask = 2147483647;
			files = (
				4547F3DA46B3D73BC32124BF /* Pods_ChuckNorrisApp.framework in Frameworks */,
			);
			runOnlyForDeploymentPostprocessing = 0;
		};
		0EE441E626963F4E0093A9FA /* Frameworks */ = {
			isa = PBXFrameworksBuildPhase;
			buildActionMask = 2147483647;
			files = (
				55D853378415E582537B7CE4 /* Pods_ChuckNorrisAppTests.framework in Frameworks */,
			);
			runOnlyForDeploymentPostprocessing = 0;
		};
		0EE441F126963F4F0093A9FA /* Frameworks */ = {
			isa = PBXFrameworksBuildPhase;
			buildActionMask = 2147483647;
			files = (
				E3A8F3C49D02AEEE0FD50AD8 /* Pods_ChuckNorrisApp_ChuckNorrisAppUITests.framework in Frameworks */,
			);
			runOnlyForDeploymentPostprocessing = 0;
		};
/* End PBXFrameworksBuildPhase section */

/* Begin PBXGroup section */
		087021A12696554C00117B68 /* Components */ = {
			isa = PBXGroup;
			children = (
				0E0ABA24269C921600BFA41E /* FloatingPanel */,
				0E053DF626974B5C00803723 /* View */,
				087021A82696558C00117B68 /* Button */,
				087021A52696558C00117B68 /* LoadingView */,
				087021AA2696558C00117B68 /* NavigationController */,
				087021A22696558C00117B68 /* TextFields */,
			);
			path = Components;
			sourceTree = "<group>";
		};
		087021A22696558C00117B68 /* TextFields */ = {
			isa = PBXGroup;
			children = (
				087021A32696558C00117B68 /* BaseTextField.swift */,
				087021A42696558C00117B68 /* RoundedTextField.swift */,
				0EAA54622698E1E400ADB4EB /* LineTextField.swift */,
			);
			path = TextFields;
			sourceTree = "<group>";
		};
		087021A52696558C00117B68 /* LoadingView */ = {
			isa = PBXGroup;
			children = (
				087021A72696558C00117B68 /* LoadingView.swift */,
			);
			path = LoadingView;
			sourceTree = "<group>";
		};
		087021A82696558C00117B68 /* Button */ = {
			isa = PBXGroup;
			children = (
				087021A92696558C00117B68 /* BaseButton.swift */,
				0EAA544C2698A56E00ADB4EB /* PrimaryButton.swift */,
				0EAA544E2698A5A300ADB4EB /* SmallPrimaryButton.swift */,
			);
			path = Button;
			sourceTree = "<group>";
		};
		087021AA2696558C00117B68 /* NavigationController */ = {
			isa = PBXGroup;
			children = (
				087021AB2696558C00117B68 /* NavigationController.swift */,
			);
			path = NavigationController;
			sourceTree = "<group>";
		};
		087021B6269699B900117B68 /* Scenes */ = {
			isa = PBXGroup;
			children = (
				0E0ABA2D269CD6DB00BFA41E /* FactsDetails */,
				0E0ABA2C269CD6D200BFA41E /* Search */,
				0E0ABA2B269CD6C700BFA41E /* Facts */,
			);
			path = Scenes;
			sourceTree = "<group>";
		};
		0E053DE8269733D500803723 /* Facts */ = {
			isa = PBXGroup;
			children = (
				0EC9081A2699D936009FE03A /* EmptyView */,
				0E053DF9269750E900803723 /* Cells */,
				0E053DE92697340000803723 /* ChuckNorrisFactsRouter.swift */,
				0E053DEA2697340000803723 /* ChuckNorrisFactsViewController.swift */,
				0E053DEB2697340000803723 /* ChuckNorrisFactsBuilder.swift */,
				0E053DEC2697340000803723 /* ChuckNorrisFactsInteractor.swift */,
				0E053DED2697340000803723 /* ChuckNorrisFactsViewModel.swift */,
				0E053DEE2697340000803723 /* ChuckNorrisFactsViewController.xib */,
			);
			path = Facts;
			sourceTree = "<group>";
		};
		0E053DF626974B5C00803723 /* View */ = {
			isa = PBXGroup;
			children = (
				0E053DF726974B7500803723 /* TopRoundedView.swift */,
			);
			path = View;
			sourceTree = "<group>";
		};
		0E053DF9269750E900803723 /* Cells */ = {
			isa = PBXGroup;
			children = (
				0E053DFA2697511100803723 /* FactsCell.swift */,
				0E053DFB2697511100803723 /* FactsCell.xib */,
			);
			path = Cells;
			sourceTree = "<group>";
		};
		0E0ABA0B269C8F5E00BFA41E /* FactsDetails */ = {
			isa = PBXGroup;
			children = (
				0E0ABA18269C8FB000BFA41E /* ChuckNorrisFactDetailsRouter.swift */,
				0E0ABA19269C8FB000BFA41E /* ChuckNorrisFactDetailsViewController.swift */,
				0E0ABA1A269C8FB000BFA41E /* ChuckNorrisFactDetailsBuilder.swift */,
				0E0ABA1B269C8FB000BFA41E /* ChuckNorrisFactDetailsInteractor.swift */,
				0E0ABA1C269C8FB000BFA41E /* ChuckNorrisFactDetailsViewModel.swift */,
				0E0ABA1D269C8FB000BFA41E /* ChuckNorrisFactDetailsViewController.xib */,
			);
			path = FactsDetails;
			sourceTree = "<group>";
		};
		0E0ABA24269C921600BFA41E /* FloatingPanel */ = {
			isa = PBXGroup;
			children = (
				0E0ABA25269C923C00BFA41E /* BaseFloatingPanelController.swift */,
				0E0ABA27269C961300BFA41E /* FloatingPanelGrabberView.swift */,
			);
			path = FloatingPanel;
			sourceTree = "<group>";
		};
		0E0ABA2B269CD6C700BFA41E /* Facts */ = {
			isa = PBXGroup;
			children = (
				0E0ABA2E269CD73D00BFA41E /* ChuckNorrisFactsInteractorTests.swift */,
				0E0ABA2F269CD73D00BFA41E /* ChuckNorrisFactsViewModelTests.swift */,
			);
			path = Facts;
			sourceTree = "<group>";
		};
		0E0ABA2C269CD6D200BFA41E /* Search */ = {
			isa = PBXGroup;
			children = (
			);
			path = Search;
			sourceTree = "<group>";
		};
		0E0ABA2D269CD6DB00BFA41E /* FactsDetails */ = {
			isa = PBXGroup;
			children = (
			);
			path = FactsDetails;
			sourceTree = "<group>";
		};
		0EAA54502698C07700ADB4EB /* Search */ = {
			isa = PBXGroup;
			children = (
				0EAA54512698C09600ADB4EB /* SearchFactsRouter.swift */,
				0EAA54522698C09600ADB4EB /* SearchFactsViewController.swift */,
				0EAA54532698C09600ADB4EB /* SearchFactsBuilder.swift */,
				0EAA54542698C09600ADB4EB /* SearchFactsInteractor.swift */,
				0EAA54552698C09600ADB4EB /* SearchFactsViewModel.swift */,
				0EAA54562698C09600ADB4EB /* SearchFactsViewController.xib */,
			);
			path = Search;
			sourceTree = "<group>";
		};
		0EC9081A2699D936009FE03A /* EmptyView */ = {
			isa = PBXGroup;
			children = (
				0EC9081B2699D955009FE03A /* ChuckNorrisFactsEmptyView.swift */,
			);
			path = EmptyView;
			sourceTree = "<group>";
		};
		0EC9081D269A1191009FE03A /* NetWorking */ = {
			isa = PBXGroup;
			children = (
				0EC90824269A1E92009FE03A /* ResponsesModel */,
				0EC9081E269A1BCB009FE03A /* Environment.swift */,
				0EC90822269A1CF9009FE03A /* ApiRouter.swift */,
				0EC90827269A1F46009FE03A /* ApiError.swift */,
				0EC90829269A2115009FE03A /* ApiClient.swift */,
			);
			path = NetWorking;
			sourceTree = "<group>";
		};
		0EC90824269A1E92009FE03A /* ResponsesModel */ = {
			isa = PBXGroup;
			children = (
				0EC90825269A1EAF009FE03A /* Facts.swift */,
			);
			path = ResponsesModel;
			sourceTree = "<group>";
		};
		0EE441CA26963F4B0093A9FA = {
			isa = PBXGroup;
			children = (
				0EE441D526963F4B0093A9FA /* ChuckNorrisApp */,
				0EE441EC26963F4E0093A9FA /* ChuckNorrisAppTests */,
				0EE441F726963F4F0093A9FA /* ChuckNorrisAppUITests */,
				0EE441D426963F4B0093A9FA /* Products */,
				A53F96317CC044E6D10D75DC /* Pods */,
				76B273559B9148A63482261D /* Frameworks */,
			);
			sourceTree = "<group>";
		};
		0EE441D426963F4B0093A9FA /* Products */ = {
			isa = PBXGroup;
			children = (
				0EE441D326963F4B0093A9FA /* ChuckNorrisApp.app */,
				0EE441E926963F4E0093A9FA /* ChuckNorrisAppTests.xctest */,
				0EE441F426963F4F0093A9FA /* ChuckNorrisAppUITests.xctest */,
			);
			name = Products;
			sourceTree = "<group>";
		};
		0EE441D526963F4B0093A9FA /* ChuckNorrisApp */ = {
			isa = PBXGroup;
			children = (
				0EE44206269641C70093A9FA /* Application */,
				0EC9081D269A1191009FE03A /* NetWorking */,
				0EE44207269641D80093A9FA /* MVVM+RIB */,
				0EE44209269641F50093A9FA /* Generated */,
				0EE4420A269641FB0093A9FA /* Extensions */,
				0EE44208269641EB0093A9FA /* SupportFiles */,
				0EE4420B269642040093A9FA /* Utilities */,
				0EE4420C2696420D0093A9FA /* Scenes */,
				087021A12696554C00117B68 /* Components */,
				0EE441E426963F4E0093A9FA /* Info.plist */,
			);
			path = ChuckNorrisApp;
			sourceTree = "<group>";
		};
		0EE441EC26963F4E0093A9FA /* ChuckNorrisAppTests */ = {
			isa = PBXGroup;
			children = (
				087021B6269699B900117B68 /* Scenes */,
				0EE441EF26963F4E0093A9FA /* Info.plist */,
			);
			path = ChuckNorrisAppTests;
			sourceTree = "<group>";
		};
		0EE441F726963F4F0093A9FA /* ChuckNorrisAppUITests */ = {
			isa = PBXGroup;
			children = (
				0EE441F826963F4F0093A9FA /* ChuckNorrisAppUITests.swift */,
				0EE441FA26963F4F0093A9FA /* Info.plist */,
			);
			path = ChuckNorrisAppUITests;
			sourceTree = "<group>";
		};
		0EE44206269641C70093A9FA /* Application */ = {
			isa = PBXGroup;
			children = (
				0EE441D626963F4B0093A9FA /* AppDelegate.swift */,
				0EE441D826963F4B0093A9FA /* SceneDelegate.swift */,
			);
			path = Application;
			sourceTree = "<group>";
		};
		0EE44207269641D80093A9FA /* MVVM+RIB */ = {
			isa = PBXGroup;
			children = (
				0EE4420F269642BA0093A9FA /* BaseInteractor.swift */,
				0EE4420E269642BA0093A9FA /* BaseViewController.swift */,
				0EE44212269642BA0093A9FA /* BaseViewModel.swift */,
				0EE44210269642BA0093A9FA /* Builder.swift */,
				0EE44211269642BA0093A9FA /* Router.swift */,
			);
			path = "MVVM+RIB";
			sourceTree = "<group>";
		};
		0EE44208269641EB0093A9FA /* SupportFiles */ = {
			isa = PBXGroup;
			children = (
				0EE44235269648130093A9FA /* AutoMockable.stencil */,
				0EE441DF26963F4E0093A9FA /* Assets.xcassets */,
				0EE441E126963F4E0093A9FA /* LaunchScreen.storyboard */,
				0EE4422F269646DA0093A9FA /* Localizable.strings */,
				0EE44233269647620093A9FA /* Colors.xcassets */,
			);
			path = SupportFiles;
			sourceTree = "<group>";
		};
		0EE44209269641F50093A9FA /* Generated */ = {
			isa = PBXGroup;
			children = (
				0870219E2696542E00117B68 /* AutoMockable.generated.swift */,
				0EE4423926964D020093A9FA /* Localizable.strings.swift */,
				0EE4423A26964D020093A9FA /* XCAssets+Generated.swift */,
			);
			path = Generated;
			sourceTree = "<group>";
		};
		0EE4420A269641FB0093A9FA /* Extensions */ = {
			isa = PBXGroup;
			children = (
				0EE44218269643280093A9FA /* NibLoadable.swift */,
				0EE44219269643280093A9FA /* RxExtensions.swift */,
				0EE4421A269643280093A9FA /* UIViewController+Rx.swift */,
				0EAA5444269794F900ADB4EB /* String.swift */,
				0E0ABA29269CCF1400BFA41E /* UIView.swift */,
			);
			path = Extensions;
			sourceTree = "<group>";
		};
		0EE4420B269642040093A9FA /* Utilities */ = {
			isa = PBXGroup;
			children = (
				0EE4421E269643570093A9FA /* ActivityIndicator.swift */,
				0EE4421F269643570093A9FA /* ErrorTracker.swift */,
				087021B42696924900117B68 /* DiffableBox.swift */,
			);
			path = Utilities;
			sourceTree = "<group>";
		};
		0EE4420C2696420D0093A9FA /* Scenes */ = {
			isa = PBXGroup;
			children = (
				0E0ABA0B269C8F5E00BFA41E /* FactsDetails */,
				0EAA54502698C07700ADB4EB /* Search */,
				0E053DE8269733D500803723 /* Facts */,
			);
			path = Scenes;
			sourceTree = "<group>";
		};
		76B273559B9148A63482261D /* Frameworks */ = {
			isa = PBXGroup;
			children = (
				DBA362617BBE0B880529ACD9 /* Pods_ChuckNorrisApp.framework */,
				7DDD3209AA572A2CCAA04D2F /* Pods_ChuckNorrisApp_ChuckNorrisAppUITests.framework */,
				6AF2227D3478588B930CCDE8 /* Pods_ChuckNorrisAppTests.framework */,
			);
			name = Frameworks;
			sourceTree = "<group>";
		};
		A53F96317CC044E6D10D75DC /* Pods */ = {
			isa = PBXGroup;
			children = (
				D0086E8358770A53CA083248 /* Pods-ChuckNorrisApp.debug.xcconfig */,
				861EC000B25C3DF49C7C5D10 /* Pods-ChuckNorrisApp.release.xcconfig */,
				E7DB555EC758D85B0E0F3309 /* Pods-ChuckNorrisApp-ChuckNorrisAppUITests.debug.xcconfig */,
				7BFAAA7A567F7128DE40B88C /* Pods-ChuckNorrisApp-ChuckNorrisAppUITests.release.xcconfig */,
				39DB153B6AECBA79B98966A0 /* Pods-ChuckNorrisAppTests.debug.xcconfig */,
				9BFCD727FE5C7329796D7AA5 /* Pods-ChuckNorrisAppTests.release.xcconfig */,
			);
			path = Pods;
			sourceTree = "<group>";
		};
/* End PBXGroup section */

/* Begin PBXNativeTarget section */
		0EE441D226963F4B0093A9FA /* ChuckNorrisApp */ = {
			isa = PBXNativeTarget;
			buildConfigurationList = 0EE441FD26963F4F0093A9FA /* Build configuration list for PBXNativeTarget "ChuckNorrisApp" */;
			buildPhases = (
				0ECBB3229904945F81595AFB /* [CP] Check Pods Manifest.lock */,
				0EE4423726964BDE0093A9FA /* Swiftgen */,
				0EE4423826964BF00093A9FA /* Sourcery */,
				0EE441CF26963F4B0093A9FA /* Sources */,
				0EE441D026963F4B0093A9FA /* Frameworks */,
				087021B326968BE400117B68 /* Swiftlint */,
				0EE441D126963F4B0093A9FA /* Resources */,
				668E73617AE9A5D09A9938E9 /* [CP] Embed Pods Frameworks */,
			);
			buildRules = (
			);
			dependencies = (
			);
			name = ChuckNorrisApp;
			productName = ChuckNorrisApp;
			productReference = 0EE441D326963F4B0093A9FA /* ChuckNorrisApp.app */;
			productType = "com.apple.product-type.application";
		};
		0EE441E826963F4E0093A9FA /* ChuckNorrisAppTests */ = {
			isa = PBXNativeTarget;
			buildConfigurationList = 0EE4420026963F4F0093A9FA /* Build configuration list for PBXNativeTarget "ChuckNorrisAppTests" */;
			buildPhases = (
				DEE86A28133991A304807FFA /* [CP] Check Pods Manifest.lock */,
				0EE441E526963F4E0093A9FA /* Sources */,
				0EE441E626963F4E0093A9FA /* Frameworks */,
				0EE441E726963F4E0093A9FA /* Resources */,
				DD2D759C3FF024FD65DACAF9 /* [CP] Embed Pods Frameworks */,
			);
			buildRules = (
			);
			dependencies = (
				0EE441EB26963F4E0093A9FA /* PBXTargetDependency */,
			);
			name = ChuckNorrisAppTests;
			productName = ChuckNorrisAppTests;
			productReference = 0EE441E926963F4E0093A9FA /* ChuckNorrisAppTests.xctest */;
			productType = "com.apple.product-type.bundle.unit-test";
		};
		0EE441F326963F4F0093A9FA /* ChuckNorrisAppUITests */ = {
			isa = PBXNativeTarget;
			buildConfigurationList = 0EE4420326963F4F0093A9FA /* Build configuration list for PBXNativeTarget "ChuckNorrisAppUITests" */;
			buildPhases = (
				63626FB926D09CE01B906C5C /* [CP] Check Pods Manifest.lock */,
				0EE441F026963F4F0093A9FA /* Sources */,
				0EE441F126963F4F0093A9FA /* Frameworks */,
				0EE441F226963F4F0093A9FA /* Resources */,
				34688E6537359BCE059CA124 /* [CP] Embed Pods Frameworks */,
			);
			buildRules = (
			);
			dependencies = (
				0EE441F626963F4F0093A9FA /* PBXTargetDependency */,
			);
			name = ChuckNorrisAppUITests;
			productName = ChuckNorrisAppUITests;
			productReference = 0EE441F426963F4F0093A9FA /* ChuckNorrisAppUITests.xctest */;
			productType = "com.apple.product-type.bundle.ui-testing";
		};
/* End PBXNativeTarget section */

/* Begin PBXProject section */
		0EE441CB26963F4B0093A9FA /* Project object */ = {
			isa = PBXProject;
			attributes = {
				LastSwiftUpdateCheck = 1250;
				LastUpgradeCheck = 1250;
				TargetAttributes = {
					0EE441D226963F4B0093A9FA = {
						CreatedOnToolsVersion = 12.5;
					};
					0EE441E826963F4E0093A9FA = {
						CreatedOnToolsVersion = 12.5;
						TestTargetID = 0EE441D226963F4B0093A9FA;
					};
					0EE441F326963F4F0093A9FA = {
						CreatedOnToolsVersion = 12.5;
						TestTargetID = 0EE441D226963F4B0093A9FA;
					};
				};
			};
			buildConfigurationList = 0EE441CE26963F4B0093A9FA /* Build configuration list for PBXProject "ChuckNorrisApp" */;
			compatibilityVersion = "Xcode 9.3";
			developmentRegion = en;
			hasScannedForEncodings = 0;
			knownRegions = (
				en,
				Base,
			);
			mainGroup = 0EE441CA26963F4B0093A9FA;
			productRefGroup = 0EE441D426963F4B0093A9FA /* Products */;
			projectDirPath = "";
			projectRoot = "";
			targets = (
				0EE441D226963F4B0093A9FA /* ChuckNorrisApp */,
				0EE441E826963F4E0093A9FA /* ChuckNorrisAppTests */,
				0EE441F326963F4F0093A9FA /* ChuckNorrisAppUITests */,
			);
		};
/* End PBXProject section */

/* Begin PBXResourcesBuildPhase section */
		0EE441D126963F4B0093A9FA /* Resources */ = {
			isa = PBXResourcesBuildPhase;
			buildActionMask = 2147483647;
			files = (
				0EE44234269647620093A9FA /* Colors.xcassets in Resources */,
				0EE44230269646DA0093A9FA /* Localizable.strings in Resources */,
				0E053DE72697336500803723 /* LaunchScreen.storyboard in Resources */,
				0EE441E026963F4E0093A9FA /* Assets.xcassets in Resources */,
				0E053DF42697340000803723 /* ChuckNorrisFactsViewController.xib in Resources */,
				0E0ABA23269C8FB000BFA41E /* ChuckNorrisFactDetailsViewController.xib in Resources */,
				0EE44236269648130093A9FA /* AutoMockable.stencil in Resources */,
				0EAA545C2698C09600ADB4EB /* SearchFactsViewController.xib in Resources */,
				0E053DFD2697511100803723 /* FactsCell.xib in Resources */,
			);
			runOnlyForDeploymentPostprocessing = 0;
		};
		0EE441E726963F4E0093A9FA /* Resources */ = {
			isa = PBXResourcesBuildPhase;
			buildActionMask = 2147483647;
			files = (
			);
			runOnlyForDeploymentPostprocessing = 0;
		};
		0EE441F226963F4F0093A9FA /* Resources */ = {
			isa = PBXResourcesBuildPhase;
			buildActionMask = 2147483647;
			files = (
			);
			runOnlyForDeploymentPostprocessing = 0;
		};
/* End PBXResourcesBuildPhase section */

/* Begin PBXShellScriptBuildPhase section */
		087021B326968BE400117B68 /* Swiftlint */ = {
			isa = PBXShellScriptBuildPhase;
			buildActionMask = 2147483647;
			files = (
			);
			inputFileListPaths = (
			);
			inputPaths = (
			);
			name = Swiftlint;
			outputFileListPaths = (
			);
			outputPaths = (
			);
			runOnlyForDeploymentPostprocessing = 0;
			shellPath = /bin/sh;
			shellScript = "# Type a script or drag a script file from your workspace to insert its path.\nif which swiftlint >/dev/null; then\n  swiftlint\nelse\n  echo \"warning: SwiftLint not installed!!\"\nfi\n";
		};
		0ECBB3229904945F81595AFB /* [CP] Check Pods Manifest.lock */ = {
			isa = PBXShellScriptBuildPhase;
			buildActionMask = 2147483647;
			files = (
			);
			inputFileListPaths = (
			);
			inputPaths = (
				"${PODS_PODFILE_DIR_PATH}/Podfile.lock",
				"${PODS_ROOT}/Manifest.lock",
			);
			name = "[CP] Check Pods Manifest.lock";
			outputFileListPaths = (
			);
			outputPaths = (
				"$(DERIVED_FILE_DIR)/Pods-ChuckNorrisApp-checkManifestLockResult.txt",
			);
			runOnlyForDeploymentPostprocessing = 0;
			shellPath = /bin/sh;
			shellScript = "diff \"${PODS_PODFILE_DIR_PATH}/Podfile.lock\" \"${PODS_ROOT}/Manifest.lock\" > /dev/null\nif [ $? != 0 ] ; then\n    # print error to STDERR\n    echo \"error: The sandbox is not in sync with the Podfile.lock. Run 'pod install' or update your CocoaPods installation.\" >&2\n    exit 1\nfi\n# This output is used by Xcode 'outputs' to avoid re-running this script phase.\necho \"SUCCESS\" > \"${SCRIPT_OUTPUT_FILE_0}\"\n";
			showEnvVarsInLog = 0;
		};
		0EE4423726964BDE0093A9FA /* Swiftgen */ = {
			isa = PBXShellScriptBuildPhase;
			buildActionMask = 2147483647;
			files = (
			);
			inputFileListPaths = (
			);
			inputPaths = (
			);
			name = Swiftgen;
			outputFileListPaths = (
			);
			outputPaths = (
			);
			runOnlyForDeploymentPostprocessing = 0;
			shellPath = /bin/sh;
			shellScript = "#!/bin/bash\n\nswiftgen\n";
		};
		0EE4423826964BF00093A9FA /* Sourcery */ = {
			isa = PBXShellScriptBuildPhase;
			buildActionMask = 2147483647;
			files = (
			);
			inputFileListPaths = (
			);
			inputPaths = (
			);
			name = Sourcery;
			outputFileListPaths = (
			);
			outputPaths = (
			);
			runOnlyForDeploymentPostprocessing = 0;
			shellPath = /bin/sh;
			shellScript = "#!/bin/bash\n\nsourcery\n\n";
		};
		34688E6537359BCE059CA124 /* [CP] Embed Pods Frameworks */ = {
			isa = PBXShellScriptBuildPhase;
			buildActionMask = 2147483647;
			files = (
			);
			inputFileListPaths = (
				"${PODS_ROOT}/Target Support Files/Pods-ChuckNorrisApp-ChuckNorrisAppUITests/Pods-ChuckNorrisApp-ChuckNorrisAppUITests-frameworks-${CONFIGURATION}-input-files.xcfilelist",
			);
			name = "[CP] Embed Pods Frameworks";
			outputFileListPaths = (
				"${PODS_ROOT}/Target Support Files/Pods-ChuckNorrisApp-ChuckNorrisAppUITests/Pods-ChuckNorrisApp-ChuckNorrisAppUITests-frameworks-${CONFIGURATION}-output-files.xcfilelist",
			);
			runOnlyForDeploymentPostprocessing = 0;
			shellPath = /bin/sh;
			shellScript = "\"${PODS_ROOT}/Target Support Files/Pods-ChuckNorrisApp-ChuckNorrisAppUITests/Pods-ChuckNorrisApp-ChuckNorrisAppUITests-frameworks.sh\"\n";
			showEnvVarsInLog = 0;
		};
		63626FB926D09CE01B906C5C /* [CP] Check Pods Manifest.lock */ = {
			isa = PBXShellScriptBuildPhase;
			buildActionMask = 2147483647;
			files = (
			);
			inputFileListPaths = (
			);
			inputPaths = (
				"${PODS_PODFILE_DIR_PATH}/Podfile.lock",
				"${PODS_ROOT}/Manifest.lock",
			);
			name = "[CP] Check Pods Manifest.lock";
			outputFileListPaths = (
			);
			outputPaths = (
				"$(DERIVED_FILE_DIR)/Pods-ChuckNorrisApp-ChuckNorrisAppUITests-checkManifestLockResult.txt",
			);
			runOnlyForDeploymentPostprocessing = 0;
			shellPath = /bin/sh;
			shellScript = "diff \"${PODS_PODFILE_DIR_PATH}/Podfile.lock\" \"${PODS_ROOT}/Manifest.lock\" > /dev/null\nif [ $? != 0 ] ; then\n    # print error to STDERR\n    echo \"error: The sandbox is not in sync with the Podfile.lock. Run 'pod install' or update your CocoaPods installation.\" >&2\n    exit 1\nfi\n# This output is used by Xcode 'outputs' to avoid re-running this script phase.\necho \"SUCCESS\" > \"${SCRIPT_OUTPUT_FILE_0}\"\n";
			showEnvVarsInLog = 0;
		};
		668E73617AE9A5D09A9938E9 /* [CP] Embed Pods Frameworks */ = {
			isa = PBXShellScriptBuildPhase;
			buildActionMask = 2147483647;
			files = (
			);
			inputFileListPaths = (
				"${PODS_ROOT}/Target Support Files/Pods-ChuckNorrisApp/Pods-ChuckNorrisApp-frameworks-${CONFIGURATION}-input-files.xcfilelist",
			);
			name = "[CP] Embed Pods Frameworks";
			outputFileListPaths = (
				"${PODS_ROOT}/Target Support Files/Pods-ChuckNorrisApp/Pods-ChuckNorrisApp-frameworks-${CONFIGURATION}-output-files.xcfilelist",
			);
			runOnlyForDeploymentPostprocessing = 0;
			shellPath = /bin/sh;
			shellScript = "\"${PODS_ROOT}/Target Support Files/Pods-ChuckNorrisApp/Pods-ChuckNorrisApp-frameworks.sh\"\n";
			showEnvVarsInLog = 0;
		};
		DD2D759C3FF024FD65DACAF9 /* [CP] Embed Pods Frameworks */ = {
			isa = PBXShellScriptBuildPhase;
			buildActionMask = 2147483647;
			files = (
			);
			inputFileListPaths = (
				"${PODS_ROOT}/Target Support Files/Pods-ChuckNorrisAppTests/Pods-ChuckNorrisAppTests-frameworks-${CONFIGURATION}-input-files.xcfilelist",
			);
			name = "[CP] Embed Pods Frameworks";
			outputFileListPaths = (
				"${PODS_ROOT}/Target Support Files/Pods-ChuckNorrisAppTests/Pods-ChuckNorrisAppTests-frameworks-${CONFIGURATION}-output-files.xcfilelist",
			);
			runOnlyForDeploymentPostprocessing = 0;
			shellPath = /bin/sh;
			shellScript = "\"${PODS_ROOT}/Target Support Files/Pods-ChuckNorrisAppTests/Pods-ChuckNorrisAppTests-frameworks.sh\"\n";
			showEnvVarsInLog = 0;
		};
		DEE86A28133991A304807FFA /* [CP] Check Pods Manifest.lock */ = {
			isa = PBXShellScriptBuildPhase;
			buildActionMask = 2147483647;
			files = (
			);
			inputFileListPaths = (
			);
			inputPaths = (
				"${PODS_PODFILE_DIR_PATH}/Podfile.lock",
				"${PODS_ROOT}/Manifest.lock",
			);
			name = "[CP] Check Pods Manifest.lock";
			outputFileListPaths = (
			);
			outputPaths = (
				"$(DERIVED_FILE_DIR)/Pods-ChuckNorrisAppTests-checkManifestLockResult.txt",
			);
			runOnlyForDeploymentPostprocessing = 0;
			shellPath = /bin/sh;
			shellScript = "diff \"${PODS_PODFILE_DIR_PATH}/Podfile.lock\" \"${PODS_ROOT}/Manifest.lock\" > /dev/null\nif [ $? != 0 ] ; then\n    # print error to STDERR\n    echo \"error: The sandbox is not in sync with the Podfile.lock. Run 'pod install' or update your CocoaPods installation.\" >&2\n    exit 1\nfi\n# This output is used by Xcode 'outputs' to avoid re-running this script phase.\necho \"SUCCESS\" > \"${SCRIPT_OUTPUT_FILE_0}\"\n";
			showEnvVarsInLog = 0;
		};
/* End PBXShellScriptBuildPhase section */

/* Begin PBXSourcesBuildPhase section */
		0EE441CF26963F4B0093A9FA /* Sources */ = {
			isa = PBXSourcesBuildPhase;
			buildActionMask = 2147483647;
			files = (
				0EE4421D269643280093A9FA /* UIViewController+Rx.swift in Sources */,
				0EE441D726963F4B0093A9FA /* AppDelegate.swift in Sources */,
				0EE4421B269643280093A9FA /* NibLoadable.swift in Sources */,
				0EE44214269642BA0093A9FA /* BaseInteractor.swift in Sources */,
				0EAA54582698C09600ADB4EB /* SearchFactsViewController.swift in Sources */,
				0E0ABA1E269C8FB000BFA41E /* ChuckNorrisFactDetailsRouter.swift in Sources */,
				0EE441D926963F4B0093A9FA /* SceneDelegate.swift in Sources */,
				087021AD2696558C00117B68 /* RoundedTextField.swift in Sources */,
				0EC90826269A1EAF009FE03A /* Facts.swift in Sources */,
				0EE44220269643570093A9FA /* ActivityIndicator.swift in Sources */,
				0EE4421C269643280093A9FA /* RxExtensions.swift in Sources */,
				087021B02696558C00117B68 /* BaseButton.swift in Sources */,
				0E0ABA21269C8FB000BFA41E /* ChuckNorrisFactDetailsInteractor.swift in Sources */,
				0E0ABA2A269CCF1400BFA41E /* UIView.swift in Sources */,
				0EC9082A269A2115009FE03A /* ApiClient.swift in Sources */,
				0EC9081C2699D955009FE03A /* ChuckNorrisFactsEmptyView.swift in Sources */,
				0E0ABA26269C923C00BFA41E /* BaseFloatingPanelController.swift in Sources */,
				0EAA54632698E1E400ADB4EB /* LineTextField.swift in Sources */,
				087021AC2696558C00117B68 /* BaseTextField.swift in Sources */,
				0EAA544F2698A5A300ADB4EB /* SmallPrimaryButton.swift in Sources */,
				0EC90823269A1CF9009FE03A /* ApiRouter.swift in Sources */,
				0EE44221269643570093A9FA /* ErrorTracker.swift in Sources */,
				0EAA54592698C09600ADB4EB /* SearchFactsBuilder.swift in Sources */,
				0EE44217269642BA0093A9FA /* BaseViewModel.swift in Sources */,
				0EAA544D2698A56F00ADB4EB /* PrimaryButton.swift in Sources */,
				0E0ABA20269C8FB000BFA41E /* ChuckNorrisFactDetailsBuilder.swift in Sources */,
				0E053DEF2697340000803723 /* ChuckNorrisFactsRouter.swift in Sources */,
				0870219F2696542E00117B68 /* AutoMockable.generated.swift in Sources */,
				0E053DF22697340000803723 /* ChuckNorrisFactsInteractor.swift in Sources */,
				0E0ABA22269C8FB000BFA41E /* ChuckNorrisFactDetailsViewModel.swift in Sources */,
				0EE4423C26964D020093A9FA /* XCAssets+Generated.swift in Sources */,
				087021B52696924900117B68 /* DiffableBox.swift in Sources */,
				0EC90828269A1F46009FE03A /* ApiError.swift in Sources */,
				0E053DF826974B7500803723 /* TopRoundedView.swift in Sources */,
				0EE44213269642BA0093A9FA /* BaseViewController.swift in Sources */,
				0E0ABA1F269C8FB000BFA41E /* ChuckNorrisFactDetailsViewController.swift in Sources */,
				0E053DF32697340000803723 /* ChuckNorrisFactsViewModel.swift in Sources */,
				0EAA545B2698C09600ADB4EB /* SearchFactsViewModel.swift in Sources */,
				0EE4423B26964D020093A9FA /* Localizable.strings.swift in Sources */,
				0E053DF02697340000803723 /* ChuckNorrisFactsViewController.swift in Sources */,
				0E0ABA28269C961300BFA41E /* FloatingPanelGrabberView.swift in Sources */,
				0EAA5445269794F900ADB4EB /* String.swift in Sources */,
				0EE44216269642BA0093A9FA /* Router.swift in Sources */,
				0EAA54572698C09600ADB4EB /* SearchFactsRouter.swift in Sources */,
				0E053DF12697340000803723 /* ChuckNorrisFactsBuilder.swift in Sources */,
				0EAA545A2698C09600ADB4EB /* SearchFactsInteractor.swift in Sources */,
				0EC9081F269A1BCB009FE03A /* Environment.swift in Sources */,
				0EE44215269642BA0093A9FA /* Builder.swift in Sources */,
				087021B12696558C00117B68 /* NavigationController.swift in Sources */,
				087021AF2696558C00117B68 /* LoadingView.swift in Sources */,
				0E053DFC2697511100803723 /* FactsCell.swift in Sources */,
			);
			runOnlyForDeploymentPostprocessing = 0;
		};
		0EE441E526963F4E0093A9FA /* Sources */ = {
			isa = PBXSourcesBuildPhase;
			buildActionMask = 2147483647;
			files = (
				0E0ABA30269CD73D00BFA41E /* ChuckNorrisFactsInteractorTests.swift in Sources */,
				0E0ABA31269CD73D00BFA41E /* ChuckNorrisFactsViewModelTests.swift in Sources */,
			);
			runOnlyForDeploymentPostprocessing = 0;
		};
		0EE441F026963F4F0093A9FA /* Sources */ = {
			isa = PBXSourcesBuildPhase;
			buildActionMask = 2147483647;
			files = (
				0EE441F926963F4F0093A9FA /* ChuckNorrisAppUITests.swift in Sources */,
			);
			runOnlyForDeploymentPostprocessing = 0;
		};
/* End PBXSourcesBuildPhase section */

/* Begin PBXTargetDependency section */
		0EE441EB26963F4E0093A9FA /* PBXTargetDependency */ = {
			isa = PBXTargetDependency;
			target = 0EE441D226963F4B0093A9FA /* ChuckNorrisApp */;
			targetProxy = 0EE441EA26963F4E0093A9FA /* PBXContainerItemProxy */;
		};
		0EE441F626963F4F0093A9FA /* PBXTargetDependency */ = {
			isa = PBXTargetDependency;
			target = 0EE441D226963F4B0093A9FA /* ChuckNorrisApp */;
			targetProxy = 0EE441F526963F4F0093A9FA /* PBXContainerItemProxy */;
		};
/* End PBXTargetDependency section */

/* Begin PBXVariantGroup section */
		0EE441E126963F4E0093A9FA /* LaunchScreen.storyboard */ = {
			isa = PBXVariantGroup;
			children = (
				0EE441E226963F4E0093A9FA /* Base */,
			);
			name = LaunchScreen.storyboard;
			sourceTree = "<group>";
		};
/* End PBXVariantGroup section */

/* Begin XCBuildConfiguration section */
		0EE441FB26963F4F0093A9FA /* Debug */ = {
			isa = XCBuildConfiguration;
			buildSettings = {
				ALWAYS_SEARCH_USER_PATHS = NO;
				CLANG_ANALYZER_NONNULL = YES;
				CLANG_ANALYZER_NUMBER_OBJECT_CONVERSION = YES_AGGRESSIVE;
				CLANG_CXX_LANGUAGE_STANDARD = "gnu++14";
				CLANG_CXX_LIBRARY = "libc++";
				CLANG_ENABLE_MODULES = YES;
				CLANG_ENABLE_OBJC_ARC = YES;
				CLANG_ENABLE_OBJC_WEAK = YES;
				CLANG_WARN_BLOCK_CAPTURE_AUTORELEASING = YES;
				CLANG_WARN_BOOL_CONVERSION = YES;
				CLANG_WARN_COMMA = YES;
				CLANG_WARN_CONSTANT_CONVERSION = YES;
				CLANG_WARN_DEPRECATED_OBJC_IMPLEMENTATIONS = YES;
				CLANG_WARN_DIRECT_OBJC_ISA_USAGE = YES_ERROR;
				CLANG_WARN_DOCUMENTATION_COMMENTS = YES;
				CLANG_WARN_EMPTY_BODY = YES;
				CLANG_WARN_ENUM_CONVERSION = YES;
				CLANG_WARN_INFINITE_RECURSION = YES;
				CLANG_WARN_INT_CONVERSION = YES;
				CLANG_WARN_NON_LITERAL_NULL_CONVERSION = YES;
				CLANG_WARN_OBJC_IMPLICIT_RETAIN_SELF = YES;
				CLANG_WARN_OBJC_LITERAL_CONVERSION = YES;
				CLANG_WARN_OBJC_ROOT_CLASS = YES_ERROR;
				CLANG_WARN_QUOTED_INCLUDE_IN_FRAMEWORK_HEADER = YES;
				CLANG_WARN_RANGE_LOOP_ANALYSIS = YES;
				CLANG_WARN_STRICT_PROTOTYPES = YES;
				CLANG_WARN_SUSPICIOUS_MOVE = YES;
				CLANG_WARN_UNGUARDED_AVAILABILITY = YES_AGGRESSIVE;
				CLANG_WARN_UNREACHABLE_CODE = YES;
				CLANG_WARN__DUPLICATE_METHOD_MATCH = YES;
				COPY_PHASE_STRIP = NO;
				DEBUG_INFORMATION_FORMAT = dwarf;
				ENABLE_STRICT_OBJC_MSGSEND = YES;
				ENABLE_TESTABILITY = YES;
				GCC_C_LANGUAGE_STANDARD = gnu11;
				GCC_DYNAMIC_NO_PIC = NO;
				GCC_NO_COMMON_BLOCKS = YES;
				GCC_OPTIMIZATION_LEVEL = 0;
				GCC_PREPROCESSOR_DEFINITIONS = (
					"DEBUG=1",
					"$(inherited)",
				);
				GCC_WARN_64_TO_32_BIT_CONVERSION = YES;
				GCC_WARN_ABOUT_RETURN_TYPE = YES_ERROR;
				GCC_WARN_UNDECLARED_SELECTOR = YES;
				GCC_WARN_UNINITIALIZED_AUTOS = YES_AGGRESSIVE;
				GCC_WARN_UNUSED_FUNCTION = YES;
				GCC_WARN_UNUSED_VARIABLE = YES;
				IPHONEOS_DEPLOYMENT_TARGET = 14.1;
				MTL_ENABLE_DEBUG_INFO = INCLUDE_SOURCE;
				MTL_FAST_MATH = YES;
				ONLY_ACTIVE_ARCH = YES;
				SDKROOT = iphoneos;
				SWIFT_ACTIVE_COMPILATION_CONDITIONS = DEBUG;
				SWIFT_OPTIMIZATION_LEVEL = "-Onone";
			};
			name = Debug;
		};
		0EE441FC26963F4F0093A9FA /* Release */ = {
			isa = XCBuildConfiguration;
			buildSettings = {
				ALWAYS_SEARCH_USER_PATHS = NO;
				CLANG_ANALYZER_NONNULL = YES;
				CLANG_ANALYZER_NUMBER_OBJECT_CONVERSION = YES_AGGRESSIVE;
				CLANG_CXX_LANGUAGE_STANDARD = "gnu++14";
				CLANG_CXX_LIBRARY = "libc++";
				CLANG_ENABLE_MODULES = YES;
				CLANG_ENABLE_OBJC_ARC = YES;
				CLANG_ENABLE_OBJC_WEAK = YES;
				CLANG_WARN_BLOCK_CAPTURE_AUTORELEASING = YES;
				CLANG_WARN_BOOL_CONVERSION = YES;
				CLANG_WARN_COMMA = YES;
				CLANG_WARN_CONSTANT_CONVERSION = YES;
				CLANG_WARN_DEPRECATED_OBJC_IMPLEMENTATIONS = YES;
				CLANG_WARN_DIRECT_OBJC_ISA_USAGE = YES_ERROR;
				CLANG_WARN_DOCUMENTATION_COMMENTS = YES;
				CLANG_WARN_EMPTY_BODY = YES;
				CLANG_WARN_ENUM_CONVERSION = YES;
				CLANG_WARN_INFINITE_RECURSION = YES;
				CLANG_WARN_INT_CONVERSION = YES;
				CLANG_WARN_NON_LITERAL_NULL_CONVERSION = YES;
				CLANG_WARN_OBJC_IMPLICIT_RETAIN_SELF = YES;
				CLANG_WARN_OBJC_LITERAL_CONVERSION = YES;
				CLANG_WARN_OBJC_ROOT_CLASS = YES_ERROR;
				CLANG_WARN_QUOTED_INCLUDE_IN_FRAMEWORK_HEADER = YES;
				CLANG_WARN_RANGE_LOOP_ANALYSIS = YES;
				CLANG_WARN_STRICT_PROTOTYPES = YES;
				CLANG_WARN_SUSPICIOUS_MOVE = YES;
				CLANG_WARN_UNGUARDED_AVAILABILITY = YES_AGGRESSIVE;
				CLANG_WARN_UNREACHABLE_CODE = YES;
				CLANG_WARN__DUPLICATE_METHOD_MATCH = YES;
				COPY_PHASE_STRIP = NO;
				DEBUG_INFORMATION_FORMAT = "dwarf-with-dsym";
				ENABLE_NS_ASSERTIONS = NO;
				ENABLE_STRICT_OBJC_MSGSEND = YES;
				GCC_C_LANGUAGE_STANDARD = gnu11;
				GCC_NO_COMMON_BLOCKS = YES;
				GCC_WARN_64_TO_32_BIT_CONVERSION = YES;
				GCC_WARN_ABOUT_RETURN_TYPE = YES_ERROR;
				GCC_WARN_UNDECLARED_SELECTOR = YES;
				GCC_WARN_UNINITIALIZED_AUTOS = YES_AGGRESSIVE;
				GCC_WARN_UNUSED_FUNCTION = YES;
				GCC_WARN_UNUSED_VARIABLE = YES;
				IPHONEOS_DEPLOYMENT_TARGET = 14.1;
				MTL_ENABLE_DEBUG_INFO = NO;
				MTL_FAST_MATH = YES;
				SDKROOT = iphoneos;
				SWIFT_COMPILATION_MODE = wholemodule;
				SWIFT_OPTIMIZATION_LEVEL = "-O";
				VALIDATE_PRODUCT = YES;
			};
			name = Release;
		};
		0EE441FE26963F4F0093A9FA /* Debug */ = {
			isa = XCBuildConfiguration;
			baseConfigurationReference = D0086E8358770A53CA083248 /* Pods-ChuckNorrisApp.debug.xcconfig */;
			buildSettings = {
				ASSETCATALOG_COMPILER_APPICON_NAME = AppIcon;
				ASSETCATALOG_COMPILER_GLOBAL_ACCENT_COLOR_NAME = AccentColor;
				CODE_SIGN_STYLE = Automatic;
				DEVELOPMENT_TEAM = DHFMA3M4H5;
				INFOPLIST_FILE = ChuckNorrisApp/Info.plist;
				LD_RUNPATH_SEARCH_PATHS = (
					"$(inherited)",
					"@executable_path/Frameworks",
				);
				PRODUCT_BUNDLE_IDENTIFIER = com.tatsunori.ChuckNorrisApp;
				PRODUCT_NAME = "$(TARGET_NAME)";
				SWIFT_VERSION = 5.0;
				TARGETED_DEVICE_FAMILY = "1,2";
			};
			name = Debug;
		};
		0EE441FF26963F4F0093A9FA /* Release */ = {
			isa = XCBuildConfiguration;
			baseConfigurationReference = 861EC000B25C3DF49C7C5D10 /* Pods-ChuckNorrisApp.release.xcconfig */;
			buildSettings = {
				ASSETCATALOG_COMPILER_APPICON_NAME = AppIcon;
				ASSETCATALOG_COMPILER_GLOBAL_ACCENT_COLOR_NAME = AccentColor;
				CODE_SIGN_STYLE = Automatic;
				DEVELOPMENT_TEAM = DHFMA3M4H5;
				INFOPLIST_FILE = ChuckNorrisApp/Info.plist;
				LD_RUNPATH_SEARCH_PATHS = (
					"$(inherited)",
					"@executable_path/Frameworks",
				);
				PRODUCT_BUNDLE_IDENTIFIER = com.tatsunori.ChuckNorrisApp;
				PRODUCT_NAME = "$(TARGET_NAME)";
				SWIFT_VERSION = 5.0;
				TARGETED_DEVICE_FAMILY = "1,2";
			};
			name = Release;
		};
		0EE4420126963F4F0093A9FA /* Debug */ = {
			isa = XCBuildConfiguration;
			baseConfigurationReference = 39DB153B6AECBA79B98966A0 /* Pods-ChuckNorrisAppTests.debug.xcconfig */;
			buildSettings = {
				ALWAYS_EMBED_SWIFT_STANDARD_LIBRARIES = YES;
				BUNDLE_LOADER = "$(TEST_HOST)";
				CODE_SIGN_STYLE = Automatic;
				DEVELOPMENT_TEAM = DHFMA3M4H5;
				INFOPLIST_FILE = ChuckNorrisAppTests/Info.plist;
				IPHONEOS_DEPLOYMENT_TARGET = 14.5;
				LD_RUNPATH_SEARCH_PATHS = (
					"$(inherited)",
					"@executable_path/Frameworks",
					"@loader_path/Frameworks",
				);
				PRODUCT_BUNDLE_IDENTIFIER = com.tatsunori.ChuckNorrisAppTests;
				PRODUCT_NAME = "$(TARGET_NAME)";
				SWIFT_VERSION = 5.0;
				TARGETED_DEVICE_FAMILY = "1,2";
				TEST_HOST = "$(BUILT_PRODUCTS_DIR)/ChuckNorrisApp.app/ChuckNorrisApp";
			};
			name = Debug;
		};
		0EE4420226963F4F0093A9FA /* Release */ = {
			isa = XCBuildConfiguration;
			baseConfigurationReference = 9BFCD727FE5C7329796D7AA5 /* Pods-ChuckNorrisAppTests.release.xcconfig */;
			buildSettings = {
				ALWAYS_EMBED_SWIFT_STANDARD_LIBRARIES = YES;
				BUNDLE_LOADER = "$(TEST_HOST)";
				CODE_SIGN_STYLE = Automatic;
				DEVELOPMENT_TEAM = DHFMA3M4H5;
				INFOPLIST_FILE = ChuckNorrisAppTests/Info.plist;
				IPHONEOS_DEPLOYMENT_TARGET = 14.5;
				LD_RUNPATH_SEARCH_PATHS = (
					"$(inherited)",
					"@executable_path/Frameworks",
					"@loader_path/Frameworks",
				);
				PRODUCT_BUNDLE_IDENTIFIER = com.tatsunori.ChuckNorrisAppTests;
				PRODUCT_NAME = "$(TARGET_NAME)";
				SWIFT_VERSION = 5.0;
				TARGETED_DEVICE_FAMILY = "1,2";
				TEST_HOST = "$(BUILT_PRODUCTS_DIR)/ChuckNorrisApp.app/ChuckNorrisApp";
			};
			name = Release;
		};
		0EE4420426963F4F0093A9FA /* Debug */ = {
			isa = XCBuildConfiguration;
			baseConfigurationReference = E7DB555EC758D85B0E0F3309 /* Pods-ChuckNorrisApp-ChuckNorrisAppUITests.debug.xcconfig */;
			buildSettings = {
				ALWAYS_EMBED_SWIFT_STANDARD_LIBRARIES = YES;
				CODE_SIGN_STYLE = Automatic;
				DEVELOPMENT_TEAM = DHFMA3M4H5;
				INFOPLIST_FILE = ChuckNorrisAppUITests/Info.plist;
				LD_RUNPATH_SEARCH_PATHS = (
					"$(inherited)",
					"@executable_path/Frameworks",
					"@loader_path/Frameworks",
				);
				PRODUCT_BUNDLE_IDENTIFIER = com.tatsunori.ChuckNorrisAppUITests;
				PRODUCT_NAME = "$(TARGET_NAME)";
				SWIFT_VERSION = 5.0;
				TARGETED_DEVICE_FAMILY = "1,2";
				TEST_TARGET_NAME = ChuckNorrisApp;
			};
			name = Debug;
		};
		0EE4420526963F4F0093A9FA /* Release */ = {
			isa = XCBuildConfiguration;
			baseConfigurationReference = 7BFAAA7A567F7128DE40B88C /* Pods-ChuckNorrisApp-ChuckNorrisAppUITests.release.xcconfig */;
			buildSettings = {
				ALWAYS_EMBED_SWIFT_STANDARD_LIBRARIES = YES;
				CODE_SIGN_STYLE = Automatic;
				DEVELOPMENT_TEAM = DHFMA3M4H5;
				INFOPLIST_FILE = ChuckNorrisAppUITests/Info.plist;
				LD_RUNPATH_SEARCH_PATHS = (
					"$(inherited)",
					"@executable_path/Frameworks",
					"@loader_path/Frameworks",
				);
				PRODUCT_BUNDLE_IDENTIFIER = com.tatsunori.ChuckNorrisAppUITests;
				PRODUCT_NAME = "$(TARGET_NAME)";
				SWIFT_VERSION = 5.0;
				TARGETED_DEVICE_FAMILY = "1,2";
				TEST_TARGET_NAME = ChuckNorrisApp;
			};
			name = Release;
		};
/* End XCBuildConfiguration section */

/* Begin XCConfigurationList section */
		0EE441CE26963F4B0093A9FA /* Build configuration list for PBXProject "ChuckNorrisApp" */ = {
			isa = XCConfigurationList;
			buildConfigurations = (
				0EE441FB26963F4F0093A9FA /* Debug */,
				0EE441FC26963F4F0093A9FA /* Release */,
			);
			defaultConfigurationIsVisible = 0;
			defaultConfigurationName = Release;
		};
		0EE441FD26963F4F0093A9FA /* Build configuration list for PBXNativeTarget "ChuckNorrisApp" */ = {
			isa = XCConfigurationList;
			buildConfigurations = (
				0EE441FE26963F4F0093A9FA /* Debug */,
				0EE441FF26963F4F0093A9FA /* Release */,
			);
			defaultConfigurationIsVisible = 0;
			defaultConfigurationName = Release;
		};
		0EE4420026963F4F0093A9FA /* Build configuration list for PBXNativeTarget "ChuckNorrisAppTests" */ = {
			isa = XCConfigurationList;
			buildConfigurations = (
				0EE4420126963F4F0093A9FA /* Debug */,
				0EE4420226963F4F0093A9FA /* Release */,
			);
			defaultConfigurationIsVisible = 0;
			defaultConfigurationName = Release;
		};
		0EE4420326963F4F0093A9FA /* Build configuration list for PBXNativeTarget "ChuckNorrisAppUITests" */ = {
			isa = XCConfigurationList;
			buildConfigurations = (
				0EE4420426963F4F0093A9FA /* Debug */,
				0EE4420526963F4F0093A9FA /* Release */,
			);
			defaultConfigurationIsVisible = 0;
			defaultConfigurationName = Release;
		};
/* End XCConfigurationList section */
	};
	rootObject = 0EE441CB26963F4B0093A9FA /* Project object */;
}
